
Microsoft Visual Studio Solution File, Format Version 12.00
# Visual Studio 2013
VisualStudioVersion = 12.0.40629.0
MinimumVisualStudioVersion = 10.0.40219.1
Project("{2150E333-8FDC-42A3-9474-1A3956D46DE8}") = "Shared", "Shared", "{E1B86C41-163E-42FD-9CEF-7CCCFAC52FDC}"
EndProject
Project("{2150E333-8FDC-42A3-9474-1A3956D46DE8}") = "Windows", "Windows", "{D1E1D868-BDC2-4F7C-A95F-3162C5F127C1}"
EndProject
Project("{2150E333-8FDC-42A3-9474-1A3956D46DE8}") = "WindowsPhone", "WindowsPhone", "{A39B1D75-49EE-4718-9671-59AD37BF3A0F}"
EndProject
Project("{FAE04EC0-301F-11D3-BF4B-00C04F79EFBC}") = "TraceRT.Models", "TraceRT.Models\TraceRT.Models.csproj", "{6B15759C-71BB-4CD4-A5B2-DB15B443877D}"
EndProject
Project("{FAE04EC0-301F-11D3-BF4B-00C04F79EFBC}") = "TraceRT.ViewModels", "TraceRT.ViewModels\TraceRT.ViewModels.csproj", "{8D2A5677-2D26-4AFF-A13A-FD1582F76742}"
EndProject
Project("{FAE04EC0-301F-11D3-BF4B-00C04F79EFBC}") = "TraceRT.DataAccess", "TraceRT.DataAccess\TraceRT.DataAccess.csproj", "{F3C741B4-1E33-4FA0-8A67-4AD55D418B1E}"
EndProject
Project("{FAE04EC0-301F-11D3-BF4B-00C04F79EFBC}") = "TraceRT.Resources", "TraceRT.Resources\TraceRT.Resources.csproj", "{D8F26668-CB15-4B25-8C9C-590AB53913A8}"
EndProject
Project("{FAE04EC0-301F-11D3-BF4B-00C04F79EFBC}") = "TraceRT.Helpers", "TraceRT.Helpers\TraceRT.Helpers.csproj", "{2D91D915-3549-42F2-9345-B2119FB1F42E}"
EndProject
Project("{D954291E-2A0B-460D-934E-DC6B0785DB48}") = "TraceRT.Shared", "TraceRT\TraceRT.Shared\TraceRT.Shared.shproj", "{435EAD8A-CEDC-4C01-98EA-3109692B3AD1}"
EndProject
Project("{FAE04EC0-301F-11D3-BF4B-00C04F79EFBC}") = "TraceRT.Windows", "TraceRT\TraceRT.Windows\TraceRT.Windows.csproj", "{A2679196-8B78-4D79-A623-2A761E96613C}"
EndProject
Project("{FAE04EC0-301F-11D3-BF4B-00C04F79EFBC}") = "TraceRT.WindowsPhone", "TraceRT\TraceRT.WindowsPhone\TraceRT.WindowsPhone.csproj", "{E00FBD27-0335-4F89-84E4-336A4F8A6D1E}"
EndProject
Global
	GlobalSection(SharedMSBuildProjectFiles) = preSolution
		TraceRT\TraceRT.Shared\TraceRT.Shared.projitems*{435ead8a-cedc-4c01-98ea-3109692b3ad1}*SharedItemsImports = 13
		TraceRT\TraceRT.Shared\TraceRT.Shared.projitems*{a2679196-8b78-4d79-a623-2a761e96613c}*SharedItemsImports = 4
	EndGlobalSection
	GlobalSection(SolutionConfigurationPlatforms) = preSolution
		Debug|Any CPU = Debug|Any CPU
		Debug|ARM = Debug|ARM
		Debug|x64 = Debug|x64
		Debug|x86 = Debug|x86
		Release|Any CPU = Release|Any CPU
		Release|ARM = Release|ARM
		Release|x64 = Release|x64
		Release|x86 = Release|x86
	EndGlobalSection
	GlobalSection(ProjectConfigurationPlatforms) = postSolution
		{6B15759C-71BB-4CD4-A5B2-DB15B443877D}.Debug|Any CPU.ActiveCfg = Debug|Any CPU
		{6B15759C-71BB-4CD4-A5B2-DB15B443877D}.Debug|Any CPU.Build.0 = Debug|Any CPU
		{6B15759C-71BB-4CD4-A5B2-DB15B443877D}.Debug|ARM.ActiveCfg = Debug|Any CPU
		{6B15759C-71BB-4CD4-A5B2-DB15B443877D}.Debug|x64.ActiveCfg = Debug|Any CPU
		{6B15759C-71BB-4CD4-A5B2-DB15B443877D}.Debug|x86.ActiveCfg = Debug|Any CPU
		{6B15759C-71BB-4CD4-A5B2-DB15B443877D}.Release|Any CPU.ActiveCfg = Release|Any CPU
		{6B15759C-71BB-4CD4-A5B2-DB15B443877D}.Release|Any CPU.Build.0 = Release|Any CPU
		{6B15759C-71BB-4CD4-A5B2-DB15B443877D}.Release|ARM.ActiveCfg = Release|Any CPU
		{6B15759C-71BB-4CD4-A5B2-DB15B443877D}.Release|x64.ActiveCfg = Release|Any CPU
		{6B15759C-71BB-4CD4-A5B2-DB15B443877D}.Release|x86.ActiveCfg = Release|Any CPU
		{8D2A5677-2D26-4AFF-A13A-FD1582F76742}.Debug|Any CPU.ActiveCfg = Debug|Any CPU
		{8D2A5677-2D26-4AFF-A13A-FD1582F76742}.Debug|Any CPU.Build.0 = Debug|Any CPU
		{8D2A5677-2D26-4AFF-A13A-FD1582F76742}.Debug|ARM.ActiveCfg = Debug|Any CPU
		{8D2A5677-2D26-4AFF-A13A-FD1582F76742}.Debug|x64.ActiveCfg = Debug|Any CPU
		{8D2A5677-2D26-4AFF-A13A-FD1582F76742}.Debug|x86.ActiveCfg = Debug|Any CPU
		{8D2A5677-2D26-4AFF-A13A-FD1582F76742}.Release|Any CPU.ActiveCfg = Release|Any CPU
		{8D2A5677-2D26-4AFF-A13A-FD1582F76742}.Release|Any CPU.Build.0 = Release|Any CPU
		{8D2A5677-2D26-4AFF-A13A-FD1582F76742}.Release|ARM.ActiveCfg = Release|Any CPU
		{8D2A5677-2D26-4AFF-A13A-FD1582F76742}.Release|x64.ActiveCfg = Release|Any CPU
		{8D2A5677-2D26-4AFF-A13A-FD1582F76742}.Release|x86.ActiveCfg = Release|Any CPU
		{F3C741B4-1E33-4FA0-8A67-4AD55D418B1E}.Debug|Any CPU.ActiveCfg = Debug|Any CPU
		{F3C741B4-1E33-4FA0-8A67-4AD55D418B1E}.Debug|Any CPU.Build.0 = Debug|Any CPU
		{F3C741B4-1E33-4FA0-8A67-4AD55D418B1E}.Debug|ARM.ActiveCfg = Debug|Any CPU
		{F3C741B4-1E33-4FA0-8A67-4AD55D418B1E}.Debug|x64.ActiveCfg = Debug|Any CPU
		{F3C741B4-1E33-4FA0-8A67-4AD55D418B1E}.Debug|x86.ActiveCfg = Debug|Any CPU
		{F3C741B4-1E33-4FA0-8A67-4AD55D418B1E}.Release|Any CPU.ActiveCfg = Release|Any CPU
		{F3C741B4-1E33-4FA0-8A67-4AD55D418B1E}.Release|Any CPU.Build.0 = Release|Any CPU
		{F3C741B4-1E33-4FA0-8A67-4AD55D418B1E}.Release|ARM.ActiveCfg = Release|Any CPU
		{F3C741B4-1E33-4FA0-8A67-4AD55D418B1E}.Release|x64.ActiveCfg = Release|Any CPU
		{F3C741B4-1E33-4FA0-8A67-4AD55D418B1E}.Release|x86.ActiveCfg = Release|Any CPU
		{D8F26668-CB15-4B25-8C9C-590AB53913A8}.Debug|Any CPU.ActiveCfg = Debug|Any CPU
		{D8F26668-CB15-4B25-8C9C-590AB53913A8}.Debug|Any CPU.Build.0 = Debug|Any CPU
		{D8F26668-CB15-4B25-8C9C-590AB53913A8}.Debug|ARM.ActiveCfg = Debug|Any CPU
		{D8F26668-CB15-4B25-8C9C-590AB53913A8}.Debug|x64.ActiveCfg = Debug|Any CPU
		{D8F26668-CB15-4B25-8C9C-590AB53913A8}.Debug|x86.ActiveCfg = Debug|Any CPU
		{D8F26668-CB15-4B25-8C9C-590AB53913A8}.Release|Any CPU.ActiveCfg = Release|Any CPU
		{D8F26668-CB15-4B25-8C9C-590AB53913A8}.Release|Any CPU.Build.0 = Release|Any CPU
		{D8F26668-CB15-4B25-8C9C-590AB53913A8}.Release|ARM.ActiveCfg = Release|Any CPU
		{D8F26668-CB15-4B25-8C9C-590AB53913A8}.Release|x64.ActiveCfg = Release|Any CPU
		{D8F26668-CB15-4B25-8C9C-590AB53913A8}.Release|x86.ActiveCfg = Release|Any CPU
		{2D91D915-3549-42F2-9345-B2119FB1F42E}.Debug|Any CPU.ActiveCfg = Debug|Any CPU
		{2D91D915-3549-42F2-9345-B2119FB1F42E}.Debug|Any CPU.Build.0 = Debug|Any CPU
		{2D91D915-3549-42F2-9345-B2119FB1F42E}.Debug|ARM.ActiveCfg = Debug|Any CPU
		{2D91D915-3549-42F2-9345-B2119FB1F42E}.Debug|x64.ActiveCfg = Debug|Any CPU
		{2D91D915-3549-42F2-9345-B2119FB1F42E}.Debug|x86.ActiveCfg = Debug|Any CPU
		{2D91D915-3549-42F2-9345-B2119FB1F42E}.Release|Any CPU.ActiveCfg = Release|Any CPU
		{2D91D915-3549-42F2-9345-B2119FB1F42E}.Release|Any CPU.Build.0 = Release|Any CPU
		{2D91D915-3549-42F2-9345-B2119FB1F42E}.Release|ARM.ActiveCfg = Release|Any CPU
		{2D91D915-3549-42F2-9345-B2119FB1F42E}.Release|x64.ActiveCfg = Release|Any CPU
		{2D91D915-3549-42F2-9345-B2119FB1F42E}.Release|x86.ActiveCfg = Release|Any CPU
		{A2679196-8B78-4D79-A623-2A761E96613C}.Debug|Any CPU.ActiveCfg = Debug|Any CPU
		{A2679196-8B78-4D79-A623-2A761E96613C}.Debug|Any CPU.Build.0 = Debug|Any CPU
		{A2679196-8B78-4D79-A623-2A761E96613C}.Debug|Any CPU.Deploy.0 = Debug|Any CPU
		{A2679196-8B78-4D79-A623-2A761E96613C}.Debug|ARM.ActiveCfg = Debug|ARM
		{A2679196-8B78-4D79-A623-2A761E96613C}.Debug|ARM.Build.0 = Debug|ARM
		{A2679196-8B78-4D79-A623-2A761E96613C}.Debug|ARM.Deploy.0 = Debug|ARM
		{A2679196-8B78-4D79-A623-2A761E96613C}.Debug|x64.ActiveCfg = Debug|x64
		{A2679196-8B78-4D79-A623-2A761E96613C}.Debug|x64.Build.0 = Debug|x64
		{A2679196-8B78-4D79-A623-2A761E96613C}.Debug|x64.Deploy.0 = Debug|x64
		{A2679196-8B78-4D79-A623-2A761E96613C}.Debug|x86.ActiveCfg = Debug|x86
		{A2679196-8B78-4D79-A623-2A761E96613C}.Debug|x86.Build.0 = Debug|x86
		{A2679196-8B78-4D79-A623-2A761E96613C}.Debug|x86.Deploy.0 = Debug|x86
		{A2679196-8B78-4D79-A623-2A761E96613C}.Release|Any CPU.ActiveCfg = Release|Any CPU
		{A2679196-8B78-4D79-A623-2A761E96613C}.Release|Any CPU.Build.0 = Release|Any CPU
		{A2679196-8B78-4D79-A623-2A761E96613C}.Release|Any CPU.Deploy.0 = Release|Any CPU
		{A2679196-8B78-4D79-A623-2A761E96613C}.Release|ARM.ActiveCfg = Release|ARM
		{A2679196-8B78-4D79-A623-2A761E96613C}.Release|ARM.Build.0 = Release|ARM
		{A2679196-8B78-4D79-A623-2A761E96613C}.Release|ARM.Deploy.0 = Release|ARM
		{A2679196-8B78-4D79-A623-2A761E96613C}.Release|x64.ActiveCfg = Release|x64
		{A2679196-8B78-4D79-A623-2A761E96613C}.Release|x64.Build.0 = Release|x64
		{A2679196-8B78-4D79-A623-2A761E96613C}.Release|x64.Deploy.0 = Release|x64
		{A2679196-8B78-4D79-A623-2A761E96613C}.Release|x86.ActiveCfg = Release|x86
		{A2679196-8B78-4D79-A623-2A761E96613C}.Release|x86.Build.0 = Release|x86
		{A2679196-8B78-4D79-A623-2A761E96613C}.Release|x86.Deploy.0 = Release|x86
		{E00FBD27-0335-4F89-84E4-336A4F8A6D1E}.Debug|Any CPU.ActiveCfg = Debug|Any CPU
		{E00FBD27-0335-4F89-84E4-336A4F8A6D1E}.Debug|Any CPU.Build.0 = Debug|Any CPU
		{E00FBD27-0335-4F89-84E4-336A4F8A6D1E}.Debug|Any CPU.Deploy.0 = Debug|Any CPU
		{E00FBD27-0335-4F89-84E4-336A4F8A6D1E}.Debug|ARM.ActiveCfg = Debug|ARM
		{E00FBD27-0335-4F89-84E4-336A4F8A6D1E}.Debug|ARM.Build.0 = Debug|ARM
		{E00FBD27-0335-4F89-84E4-336A4F8A6D1E}.Debug|ARM.Deploy.0 = Debug|ARM
		{E00FBD27-0335-4F89-84E4-336A4F8A6D1E}.Debug|x64.ActiveCfg = Debug|Any CPU
		{E00FBD27-0335-4F89-84E4-336A4F8A6D1E}.Debug|x86.ActiveCfg = Debug|x86
		{E00FBD27-0335-4F89-84E4-336A4F8A6D1E}.Debug|x86.Build.0 = Debug|x86
		{E00FBD27-0335-4F89-84E4-336A4F8A6D1E}.Debug|x86.Deploy.0 = Debug|x86
		{E00FBD27-0335-4F89-84E4-336A4F8A6D1E}.Release|Any CPU.ActiveCfg = Release|Any CPU
		{E00FBD27-0335-4F89-84E4-336A4F8A6D1E}.Release|Any CPU.Build.0 = Release|Any CPU
		{E00FBD27-0335-4F89-84E4-336A4F8A6D1E}.Release|Any CPU.Deploy.0 = Release|Any CPU
		{E00FBD27-0335-4F89-84E4-336A4F8A6D1E}.Release|ARM.ActiveCfg = Release|ARM
		{E00FBD27-0335-4F89-84E4-336A4F8A6D1E}.Release|ARM.Build.0 = Release|ARM
		{E00FBD27-0335-4F89-84E4-336A4F8A6D1E}.Release|ARM.Deploy.0 = Release|ARM
		{E00FBD27-0335-4F89-84E4-336A4F8A6D1E}.Release|x64.ActiveCfg = Release|Any CPU
		{E00FBD27-0335-4F89-84E4-336A4F8A6D1E}.Release|x86.ActiveCfg = Release|x86
		{E00FBD27-0335-4F89-84E4-336A4F8A6D1E}.Release|x86.Build.0 = Release|x86
		{E00FBD27-0335-4F89-84E4-336A4F8A6D1E}.Release|x86.Deploy.0 = Release|x86
	EndGlobalSection
	GlobalSection(SolutionProperties) = preSolution
		HideSolutionNode = FALSE
	EndGlobalSection
	GlobalSection(NestedProjects) = preSolution
		{6B15759C-71BB-4CD4-A5B2-DB15B443877D} = {E1B86C41-163E-42FD-9CEF-7CCCFAC52FDC}
		{8D2A5677-2D26-4AFF-A13A-FD1582F76742} = {E1B86C41-163E-42FD-9CEF-7CCCFAC52FDC}
		{F3C741B4-1E33-4FA0-8A67-4AD55D418B1E} = {E1B86C41-163E-42FD-9CEF-7CCCFAC52FDC}
		{D8F26668-CB15-4B25-8C9C-590AB53913A8} = {E1B86C41-163E-42FD-9CEF-7CCCFAC52FDC}
		{2D91D915-3549-42F2-9345-B2119FB1F42E} = {E1B86C41-163E-42FD-9CEF-7CCCFAC52FDC}
		{435EAD8A-CEDC-4C01-98EA-3109692B3AD1} = {E1B86C41-163E-42FD-9CEF-7CCCFAC52FDC}
		{A2679196-8B78-4D79-A623-2A761E96613C} = {D1E1D868-BDC2-4F7C-A95F-3162C5F127C1}
		{E00FBD27-0335-4F89-84E4-336A4F8A6D1E} = {A39B1D75-49EE-4718-9671-59AD37BF3A0F}
	EndGlobalSection
EndGlobal
